$begin 'ConnectionParameters'
	DesktopProcessID=12396
	DesktopProcessPath='C:\\Program Files\\AnsysEM\\Maxwell16.0\\Win64\\maxwell.exe'
	LaunchedByWB=false
	$begin 'DesktopStubBlock'
		$begin 'CommDetails'
			TransportType=1
			IPAddress='10.37.23.141'
			ListenPort='50696'
		$end 'CommDetails'
		$begin 'Marshall'
			InstanceID=503
			ProcID=12396
			InterfaceID=1
			FactoryIntID='DesktopInterfaceForWBProxyStubFactory'
		$end 'Marshall'
	$end 'DesktopStubBlock'
	$begin 'DesktopBackgroundObjStubBlock'
		$begin 'CommDetails'
			TransportType=1
			IPAddress='10.37.23.141'
			ListenPort='50696'
		$end 'CommDetails'
		$begin 'Marshall'
			InstanceID=505
			ProcID=12396
			InterfaceID=2
			FactoryIntID='DesktopInterfaceForWBProxyStubFactory'
		$end 'Marshall'
	$end 'DesktopBackgroundObjStubBlock'
$end 'ConnectionParameters'
